
Microsoft Visual Studio Solution File, Format Version 12.00
# Visual Studio 2013
VisualStudioVersion = 12.0.21005.1
MinimumVisualStudioVersion = 10.0.40219.1
Project("{FAE04EC0-301F-11D3-BF4B-00C04F79EFBC}") = "OpenClosedPrinciple", "OpenClosedPrinciple\OpenClosedPrinciple.csproj", "{5DD1D584-DE71-496F-9335-13BBDB33DC8B}"
EndProject
Project("{FAE04EC0-301F-11D3-BF4B-00C04F79EFBC}") = "LiskovSubstitutionPrinciple", "LiskovSubstitutionPrinciple\LiskovSubstitutionPrinciple.csproj", "{C5B881B3-7485-4753-9A08-EB8B5F182AE5}"
EndProject
Global
	GlobalSection(SolutionConfigurationPlatforms) = preSolution
		Debug|Any CPU = Debug|Any CPU
		Release|Any CPU = Release|Any CPU
	EndGlobalSection
	GlobalSection(ProjectConfigurationPlatforms) = postSolution
		{5DD1D584-DE71-496F-9335-13BBDB33DC8B}.Debug|Any CPU.ActiveCfg = Debug|Any CPU
		{5DD1D584-DE71-496F-9335-13BBDB33DC8B}.Debug|Any CPU.Build.0 = Debug|Any CPU
		{5DD1D584-DE71-496F-9335-13BBDB33DC8B}.Release|Any CPU.ActiveCfg = Release|Any CPU
		{5DD1D584-DE71-496F-9335-13BBDB33DC8B}.Release|Any CPU.Build.0 = Release|Any CPU
		{C5B881B3-7485-4753-9A08-EB8B5F182AE5}.Debug|Any CPU.ActiveCfg = Debug|Any CPU
		{C5B881B3-7485-4753-9A08-EB8B5F182AE5}.Debug|Any CPU.Build.0 = Debug|Any CPU
		{C5B881B3-7485-4753-9A08-EB8B5F182AE5}.Release|Any CPU.ActiveCfg = Release|Any CPU
		{C5B881B3-7485-4753-9A08-EB8B5F182AE5}.Release|Any CPU.Build.0 = Release|Any CPU
	EndGlobalSection
	GlobalSection(SolutionProperties) = preSolution
		HideSolutionNode = FALSE
	EndGlobalSection
EndGlobal
