
Microsoft Visual Studio Solution File, Format Version 12.00
# Visual Studio 2013
VisualStudioVersion = 12.0.21005.1
MinimumVisualStudioVersion = 10.0.40219.1
Project("{2150E333-8FDC-42A3-9474-1A3956D46DE8}") = "BL", "BL", "{5693F555-E702-48A6-9975-B56F5D85B1CD}"
EndProject
Project("{2150E333-8FDC-42A3-9474-1A3956D46DE8}") = "PL", "PL", "{C6E3A503-081B-47A3-8485-01EF7198E425}"
EndProject
Project("{2150E333-8FDC-42A3-9474-1A3956D46DE8}") = "DL", "DL", "{A7F9ED10-AEC2-4A60-8D27-2C8273316D9F}"
EndProject
Project("{FAE04EC0-301F-11D3-BF4B-00C04F79EFBC}") = "BuisnessLayer", "BuisnessLayer\BuisnessLayer.csproj", "{C8B9F50F-676C-4CEF-982A-DA839499A7A6}"
EndProject
Project("{2150E333-8FDC-42A3-9474-1A3956D46DE8}") = "Common", "Common", "{3B3B5795-E15A-4C16-9025-1646C7A20D9E}"
EndProject
Project("{FAE04EC0-301F-11D3-BF4B-00C04F79EFBC}") = "DomainModel", "DomainModel\DomainModel.csproj", "{CC0D37DE-1C25-4034-B6D6-9B0D67C1EAE7}"
EndProject
Project("{FAE04EC0-301F-11D3-BF4B-00C04F79EFBC}") = "DataLayer", "DataLayer\DataLayer.csproj", "{32AA78C7-DA92-4AA8-B48D-C2B34E624723}"
EndProject
Project("{FAE04EC0-301F-11D3-BF4B-00C04F79EFBC}") = "Registar", "Registar\Registar.csproj", "{DE4A3379-0D15-4BC7-B20D-49E55E7DFEDF}"
EndProject
Project("{FAE04EC0-301F-11D3-BF4B-00C04F79EFBC}") = "Registar.Tests", "Registar.Tests\Registar.Tests.csproj", "{FB990184-2B57-4A14-A163-BA61D345866F}"
EndProject
Global
	GlobalSection(SolutionConfigurationPlatforms) = preSolution
		Debug|Any CPU = Debug|Any CPU
		Release|Any CPU = Release|Any CPU
	EndGlobalSection
	GlobalSection(ProjectConfigurationPlatforms) = postSolution
		{C8B9F50F-676C-4CEF-982A-DA839499A7A6}.Debug|Any CPU.ActiveCfg = Debug|Any CPU
		{C8B9F50F-676C-4CEF-982A-DA839499A7A6}.Debug|Any CPU.Build.0 = Debug|Any CPU
		{C8B9F50F-676C-4CEF-982A-DA839499A7A6}.Release|Any CPU.ActiveCfg = Release|Any CPU
		{C8B9F50F-676C-4CEF-982A-DA839499A7A6}.Release|Any CPU.Build.0 = Release|Any CPU
		{CC0D37DE-1C25-4034-B6D6-9B0D67C1EAE7}.Debug|Any CPU.ActiveCfg = Debug|Any CPU
		{CC0D37DE-1C25-4034-B6D6-9B0D67C1EAE7}.Debug|Any CPU.Build.0 = Debug|Any CPU
		{CC0D37DE-1C25-4034-B6D6-9B0D67C1EAE7}.Release|Any CPU.ActiveCfg = Release|Any CPU
		{CC0D37DE-1C25-4034-B6D6-9B0D67C1EAE7}.Release|Any CPU.Build.0 = Release|Any CPU
		{32AA78C7-DA92-4AA8-B48D-C2B34E624723}.Debug|Any CPU.ActiveCfg = Debug|Any CPU
		{32AA78C7-DA92-4AA8-B48D-C2B34E624723}.Debug|Any CPU.Build.0 = Debug|Any CPU
		{32AA78C7-DA92-4AA8-B48D-C2B34E624723}.Release|Any CPU.ActiveCfg = Release|Any CPU
		{32AA78C7-DA92-4AA8-B48D-C2B34E624723}.Release|Any CPU.Build.0 = Release|Any CPU
		{DE4A3379-0D15-4BC7-B20D-49E55E7DFEDF}.Debug|Any CPU.ActiveCfg = Debug|Any CPU
		{DE4A3379-0D15-4BC7-B20D-49E55E7DFEDF}.Debug|Any CPU.Build.0 = Debug|Any CPU
		{DE4A3379-0D15-4BC7-B20D-49E55E7DFEDF}.Release|Any CPU.ActiveCfg = Release|Any CPU
		{DE4A3379-0D15-4BC7-B20D-49E55E7DFEDF}.Release|Any CPU.Build.0 = Release|Any CPU
		{FB990184-2B57-4A14-A163-BA61D345866F}.Debug|Any CPU.ActiveCfg = Debug|Any CPU
		{FB990184-2B57-4A14-A163-BA61D345866F}.Debug|Any CPU.Build.0 = Debug|Any CPU
		{FB990184-2B57-4A14-A163-BA61D345866F}.Release|Any CPU.ActiveCfg = Release|Any CPU
		{FB990184-2B57-4A14-A163-BA61D345866F}.Release|Any CPU.Build.0 = Release|Any CPU
	EndGlobalSection
	GlobalSection(SolutionProperties) = preSolution
		HideSolutionNode = FALSE
	EndGlobalSection
	GlobalSection(NestedProjects) = preSolution
		{DE4A3379-0D15-4BC7-B20D-49E55E7DFEDF} = {C6E3A503-081B-47A3-8485-01EF7198E425}
		{FB990184-2B57-4A14-A163-BA61D345866F} = {C6E3A503-081B-47A3-8485-01EF7198E425}
		{C8B9F50F-676C-4CEF-982A-DA839499A7A6} = {5693F555-E702-48A6-9975-B56F5D85B1CD}
		{32AA78C7-DA92-4AA8-B48D-C2B34E624723} = {A7F9ED10-AEC2-4A60-8D27-2C8273316D9F}
		{CC0D37DE-1C25-4034-B6D6-9B0D67C1EAE7} = {3B3B5795-E15A-4C16-9025-1646C7A20D9E}
	EndGlobalSection
EndGlobal
